
Microsoft Visual Studio Solution File, Format Version 12.00
# Visual Studio 15
VisualStudioVersion = 15.0.28307.136
MinimumVisualStudioVersion = 10.0.40219.1
Project("{9A19103F-16F7-4668-BE54-9A1E7A4F7556}") = "ThiHuong.API", "ThiHuong.API\ThiHuong.API.csproj", "{27D8A551-5480-47AD-9601-996F3000920A}"
EndProject
Project("{9A19103F-16F7-4668-BE54-9A1E7A4F7556}") = "ThiHuong.Framework", "ThiHuong.Framework\ThiHuong.Framework.csproj", "{1B6659F3-C744-48F8-BB86-80BCDBE16BFB}"
EndProject
Project("{9A19103F-16F7-4668-BE54-9A1E7A4F7556}") = "ThiHuong.Logic", "ThiHuong.Logic\ThiHuong.Logic.csproj", "{30E4F76C-7457-450B-B93B-AE8E97490BE0}"
EndProject
Project("{00D1A9C2-B5F0-4AF3-8072-F6C62B433612}") = "ThiHuong.Database", "ThiHuong.Database\ThiHuong.Database.sqlproj", "{6ACD2C0D-E1B9-4676-BFE1-A34B48B67F60}"
EndProject
Global
	GlobalSection(SolutionConfigurationPlatforms) = preSolution
		Debug|Any CPU = Debug|Any CPU
		Release|Any CPU = Release|Any CPU
	EndGlobalSection
	GlobalSection(ProjectConfigurationPlatforms) = postSolution
		{27D8A551-5480-47AD-9601-996F3000920A}.Debug|Any CPU.ActiveCfg = Debug|Any CPU
		{27D8A551-5480-47AD-9601-996F3000920A}.Debug|Any CPU.Build.0 = Debug|Any CPU
		{27D8A551-5480-47AD-9601-996F3000920A}.Release|Any CPU.ActiveCfg = Release|Any CPU
		{27D8A551-5480-47AD-9601-996F3000920A}.Release|Any CPU.Build.0 = Release|Any CPU
		{1B6659F3-C744-48F8-BB86-80BCDBE16BFB}.Debug|Any CPU.ActiveCfg = Debug|Any CPU
		{1B6659F3-C744-48F8-BB86-80BCDBE16BFB}.Debug|Any CPU.Build.0 = Debug|Any CPU
		{1B6659F3-C744-48F8-BB86-80BCDBE16BFB}.Release|Any CPU.ActiveCfg = Release|Any CPU
		{1B6659F3-C744-48F8-BB86-80BCDBE16BFB}.Release|Any CPU.Build.0 = Release|Any CPU
		{30E4F76C-7457-450B-B93B-AE8E97490BE0}.Debug|Any CPU.ActiveCfg = Debug|Any CPU
		{30E4F76C-7457-450B-B93B-AE8E97490BE0}.Debug|Any CPU.Build.0 = Debug|Any CPU
		{30E4F76C-7457-450B-B93B-AE8E97490BE0}.Release|Any CPU.ActiveCfg = Release|Any CPU
		{30E4F76C-7457-450B-B93B-AE8E97490BE0}.Release|Any CPU.Build.0 = Release|Any CPU
		{6ACD2C0D-E1B9-4676-BFE1-A34B48B67F60}.Debug|Any CPU.ActiveCfg = Debug|Any CPU
		{6ACD2C0D-E1B9-4676-BFE1-A34B48B67F60}.Debug|Any CPU.Build.0 = Debug|Any CPU
		{6ACD2C0D-E1B9-4676-BFE1-A34B48B67F60}.Debug|Any CPU.Deploy.0 = Debug|Any CPU
		{6ACD2C0D-E1B9-4676-BFE1-A34B48B67F60}.Release|Any CPU.ActiveCfg = Release|Any CPU
		{6ACD2C0D-E1B9-4676-BFE1-A34B48B67F60}.Release|Any CPU.Build.0 = Release|Any CPU
		{6ACD2C0D-E1B9-4676-BFE1-A34B48B67F60}.Release|Any CPU.Deploy.0 = Release|Any CPU
	EndGlobalSection
	GlobalSection(SolutionProperties) = preSolution
		HideSolutionNode = FALSE
	EndGlobalSection
	GlobalSection(ExtensibilityGlobals) = postSolution
		SolutionGuid = {FEE90BFF-9AF2-4186-B1E1-90F050696AD6}
	EndGlobalSection
EndGlobal
